{
  "nodes": {
    "nixpkgs": {
      "locked": {
        "lastModified": 1767717346,
        "narHash": "sha256-X6Brd5BkdbM4y8T/qXHPPawBTwkp7RbViTCM+p9eNps=",
        "owner": "loongson-community",
        "repo": "nixpkgs",
        "rev": "c9906fad67bd415a74b826fbc93d5669f28e8a02",
        "type": "github"
      },
      "original": {
        "owner": "loongson-community",
        "ref": "loong-master",
        "repo": "nixpkgs",
        "type": "github"
      }
    },
    "root": {
      "inputs": {
        "nixpkgs": "nixpkgs"
      }
    }
  },
  "root": "root",
  "version": 7
}
