{
  "nodes": {
    "nixpkgs": {
      "locked": {
        "lastModified": 1765457371,
        "narHash": "sha256-peZLkJStMhtq9EE9Hi8ro1gFoYIEWt7PEdhLXlRZJTM=",
        "owner": "loongson-community",
        "repo": "nixpkgs",
        "rev": "7b133b90e007e17a02c8f96f366e6f15049259b4",
        "type": "github"
      },
      "original": {
        "owner": "loongson-community",
        "ref": "loong-release-25.11",
        "repo": "nixpkgs",
        "type": "github"
      }
    },
    "root": {
      "inputs": {
        "nixpkgs": "nixpkgs"
      }
    }
  },
  "root": "root",
  "version": 7
}
