{
  "nodes": {
    "nixpkgs": {
      "locked": {
        "lastModified": 1769634985,
        "narHash": "sha256-JNhmSG8IQqN40e3YDrNnBCJb9f8Qivzi+MtztQ9Fu/s=",
        "owner": "loongson-community",
        "repo": "nixpkgs",
        "rev": "cadd429cfe7474a111a665154f4995b9f950e39f",
        "type": "github"
      },
      "original": {
        "owner": "loongson-community",
        "ref": "loong-master",
        "repo": "nixpkgs",
        "type": "github"
      }
    },
    "root": {
      "inputs": {
        "nixpkgs": "nixpkgs"
      }
    }
  },
  "root": "root",
  "version": 7
}
